
Microsoft Visual Studio Solution File, Format Version 12.00
# Visual Studio Version 17
VisualStudioVersion = 17.0.32112.339
MinimumVisualStudioVersion = 10.0.40219.1
Project("{9A19103F-16F7-4668-BE54-9A1E7A4F7556}") = "PrismIntegration", "PrismIntegration.csproj", "{DAEF5743-59E2-4C83-8E3B-319553AACF1C}"
EndProject
Project("{2150E333-8FDC-42A3-9474-1A3956D46DE8}") = "Solution Items", "Solution Items", "{72AA57D5-E49D-4095-A1B7-5AE3A104CC63}"
	ProjectSection(SolutionItems) = preProject
		Readme.txt = Readme.txt
	EndProjectSection
EndProject
Global
	GlobalSection(SolutionConfigurationPlatforms) = preSolution
		Debug|Any CPU = Debug|Any CPU
		Release|Any CPU = Release|Any CPU
	EndGlobalSection
	GlobalSection(ProjectConfigurationPlatforms) = postSolution
		{DAEF5743-59E2-4C83-8E3B-319553AACF1C}.Debug|Any CPU.ActiveCfg = Debug|Any CPU
		{DAEF5743-59E2-4C83-8E3B-319553AACF1C}.Debug|Any CPU.Build.0 = Debug|Any CPU
		{DAEF5743-59E2-4C83-8E3B-319553AACF1C}.Release|Any CPU.ActiveCfg = Release|Any CPU
		{DAEF5743-59E2-4C83-8E3B-319553AACF1C}.Release|Any CPU.Build.0 = Release|Any CPU
	EndGlobalSection
	GlobalSection(SolutionProperties) = preSolution
		HideSolutionNode = FALSE
	EndGlobalSection
	GlobalSection(ExtensibilityGlobals) = postSolution
		SolutionGuid = {0C18666C-8E7B-4BBD-B774-348A061E5CEB}
	EndGlobalSection
EndGlobal
